
Microsoft Visual Studio Solution File, Format Version 12.00
# Visual Studio Version 17
VisualStudioVersion = 17.0.32002.185
MinimumVisualStudioVersion = 10.0.40219.1
Project("{9A19103F-16F7-4668-BE54-9A1E7A4F7556}") = "GoogleTagManagerWebApi", "GoogleTagManagerWebApi\GoogleTagManagerWebApi.csproj", "{F2C96709-5A61-4CBC-BDEF-8EF9EA56D18B}"
EndProject
Global
	GlobalSection(SolutionConfigurationPlatforms) = preSolution
		Debug|Any CPU = Debug|Any CPU
		Release|Any CPU = Release|Any CPU
	EndGlobalSection
	GlobalSection(ProjectConfigurationPlatforms) = postSolution
		{F2C96709-5A61-4CBC-BDEF-8EF9EA56D18B}.Debug|Any CPU.ActiveCfg = Debug|Any CPU
		{F2C96709-5A61-4CBC-BDEF-8EF9EA56D18B}.Debug|Any CPU.Build.0 = Debug|Any CPU
		{F2C96709-5A61-4CBC-BDEF-8EF9EA56D18B}.Release|Any CPU.ActiveCfg = Release|Any CPU
		{F2C96709-5A61-4CBC-BDEF-8EF9EA56D18B}.Release|Any CPU.Build.0 = Release|Any CPU
	EndGlobalSection
	GlobalSection(SolutionProperties) = preSolution
		HideSolutionNode = FALSE
	EndGlobalSection
	GlobalSection(ExtensibilityGlobals) = postSolution
		SolutionGuid = {6F6FC053-3FFE-4012-A668-2B1D0234B64A}
	EndGlobalSection
EndGlobal
